
Microsoft Visual Studio Solution File, Format Version 12.00
# Visual Studio 2012
Project("{FAE04EC0-301F-11D3-BF4B-00C04F79EFBC}") = "JXXZ.ZHCG.Web", "JXXZ.ZHCG.Web\JXXZ.ZHCG.Web.csproj", "{118D6B1D-EF25-40E0-99F1-18C54224BFFD}"
EndProject
Global
	GlobalSection(TeamFoundationVersionControl) = preSolution
		SccNumberOfProjects = 2
		SccEnterpriseProvider = {4CA58AB2-18FA-4F8D-95D4-32DDF27D184C}
		SccTeamFoundationServer = http://218.108.93.243:8080/tfs/year2017
		SccLocalPath0 = .
		SccProjectUniqueName1 = JXXZ.ZHCG.Web\\JXXZ.ZHCG.Web.csproj
		SccProjectName1 = JXXZ.ZHCG.Web
		SccLocalPath1 = JXXZ.ZHCG.Web
	EndGlobalSection
	GlobalSection(SolutionConfigurationPlatforms) = preSolution
		Debug|Any CPU = Debug|Any CPU
		Release|Any CPU = Release|Any CPU
	EndGlobalSection
	GlobalSection(ProjectConfigurationPlatforms) = postSolution
		{118D6B1D-EF25-40E0-99F1-18C54224BFFD}.Debug|Any CPU.ActiveCfg = Debug|Any CPU
		{118D6B1D-EF25-40E0-99F1-18C54224BFFD}.Debug|Any CPU.Build.0 = Debug|Any CPU
		{118D6B1D-EF25-40E0-99F1-18C54224BFFD}.Release|Any CPU.ActiveCfg = Release|Any CPU
		{118D6B1D-EF25-40E0-99F1-18C54224BFFD}.Release|Any CPU.Build.0 = Release|Any CPU
	EndGlobalSection
	GlobalSection(SolutionProperties) = preSolution
		HideSolutionNode = FALSE
	EndGlobalSection
EndGlobal
