
Microsoft Visual Studio Solution File, Format Version 12.00
# Visual Studio 2012
Project("{FAE04EC0-301F-11D3-BF4B-00C04F79EFBC}") = "JXXZ.ZHCG.DAL", "JXXZ.ZHCG.DAL\JXXZ.ZHCG.DAL.csproj", "{D7D57133-1EC9-455E-862C-D3DB46784327}"
EndProject
Project("{FAE04EC0-301F-11D3-BF4B-00C04F79EFBC}") = "JXXZ.ZHCG.BLL", "JXXZ.ZHCG.BLL\JXXZ.ZHCG.BLL.csproj", "{42D02095-B2DD-4299-BD1D-395E9B620520}"
EndProject
Project("{FAE04EC0-301F-11D3-BF4B-00C04F79EFBC}") = "JXXZ.ZHCG.Model", "JXXZ.ZHCG.Model\JXXZ.ZHCG.Model.csproj", "{D4AB5832-ABE5-4795-8268-A0A47A92ABB3}"
EndProject
Project("{FAE04EC0-301F-11D3-BF4B-00C04F79EFBC}") = "JXXZ.ZHCG.WebAPI", "JXXZ.ZHCG.WebAPI\JXXZ.ZHCG.WebAPI.csproj", "{6576E11D-1D94-4BD7-9B50-AE494BFEED51}"
EndProject
Project("{FAE04EC0-301F-11D3-BF4B-00C04F79EFBC}") = "JXXZ.ZHCG.Utility", "JXXZ.ZHCG.Utility\JXXZ.ZHCG.Utility.csproj", "{299B6946-06F8-48B3-B65A-698C72E099DE}"
EndProject
Project("{FAE04EC0-301F-11D3-BF4B-00C04F79EFBC}") = "JXXZ.ZHCG.Web", "JXXZ.ZHCG.Web\JXXZ.ZHCG.Web.csproj", "{118D6B1D-EF25-40E0-99F1-18C54224BFFD}"
EndProject
Project("{FAE04EC0-301F-11D3-BF4B-00C04F79EFBC}") = "JXXZ.AlarmDetail", "JXXZ.AlarmDetail\JXXZ.AlarmDetail.csproj", "{6F74C317-533A-478B-900B-E97D78FD6F33}"
EndProject
Project("{FAE04EC0-301F-11D3-BF4B-00C04F79EFBC}") = "JXXZ.LowLying", "JXXZ.LowLying\JXXZ.LowLying.csproj", "{F227FAEC-F619-4619-B498-5C6F861C1D67}"
EndProject
Project("{FAE04EC0-301F-11D3-BF4B-00C04F79EFBC}") = "JXXZ.WTService", "JXXZ.WTService\JXXZ.WTService.csproj", "{231F6F7B-3F14-4E30-AB38-F6CA5FE2DD6F}"
EndProject
Project("{FAE04EC0-301F-11D3-BF4B-00C04F79EFBC}") = "JXXZ.CarSynchronize", "JXXZ.CarSynchronize\JXXZ.CarSynchronize.csproj", "{1F5BE670-B1EF-4FB1-A093-4A801CA2AD13}"
EndProject
Global
	GlobalSection(TeamFoundationVersionControl) = preSolution
		SccNumberOfProjects = 11
		SccEnterpriseProvider = {4CA58AB2-18FA-4F8D-95D4-32DDF27D184C}
		SccTeamFoundationServer = http://218.108.93.243:8080/tfs/year2017
		SccLocalPath0 = .
		SccProjectUniqueName1 = JXXZ.ZHCG.DAL\\JXXZ.ZHCG.DAL.csproj
		SccProjectName1 = JXXZ.ZHCG.DAL
		SccLocalPath1 = JXXZ.ZHCG.DAL
		SccProjectUniqueName2 = JXXZ.ZHCG.BLL\\JXXZ.ZHCG.BLL.csproj
		SccProjectName2 = JXXZ.ZHCG.BLL
		SccLocalPath2 = JXXZ.ZHCG.BLL
		SccProjectUniqueName3 = JXXZ.ZHCG.Model\\JXXZ.ZHCG.Model.csproj
		SccProjectName3 = JXXZ.ZHCG.Model
		SccLocalPath3 = JXXZ.ZHCG.Model
		SccProjectUniqueName4 = JXXZ.ZHCG.WebAPI\\JXXZ.ZHCG.WebAPI.csproj
		SccProjectName4 = JXXZ.ZHCG.WebAPI
		SccLocalPath4 = JXXZ.ZHCG.WebAPI
		SccProjectUniqueName5 = JXXZ.ZHCG.Utility\\JXXZ.ZHCG.Utility.csproj
		SccProjectName5 = JXXZ.ZHCG.Utility
		SccLocalPath5 = JXXZ.ZHCG.Utility
		SccProjectUniqueName6 = JXXZ.ZHCG.Web\\JXXZ.ZHCG.Web.csproj
		SccProjectName6 = JXXZ.ZHCG.Web
		SccLocalPath6 = JXXZ.ZHCG.Web
		SccProjectUniqueName7 = JXXZ.AlarmDetail\\JXXZ.AlarmDetail.csproj
		SccProjectName7 = JXXZ.AlarmDetail
		SccLocalPath7 = JXXZ.AlarmDetail
		SccProjectUniqueName8 = JXXZ.LowLying\\JXXZ.LowLying.csproj
		SccProjectName8 = JXXZ.LowLying
		SccLocalPath8 = JXXZ.LowLying
		SccProjectUniqueName9 = JXXZ.WTService\\JXXZ.WTService.csproj
		SccProjectName9 = JXXZ.WTService
		SccLocalPath9 = JXXZ.WTService
		SccProjectUniqueName10 = JXXZ.CarSynchronize\\JXXZ.CarSynchronize.csproj
		SccProjectName10 = JXXZ.CarSynchronize
		SccLocalPath10 = JXXZ.CarSynchronize
	EndGlobalSection
	GlobalSection(SolutionConfigurationPlatforms) = preSolution
		Debug|Any CPU = Debug|Any CPU
		Release|Any CPU = Release|Any CPU
	EndGlobalSection
	GlobalSection(ProjectConfigurationPlatforms) = postSolution
		{D7D57133-1EC9-455E-862C-D3DB46784327}.Debug|Any CPU.ActiveCfg = Debug|Any CPU
		{D7D57133-1EC9-455E-862C-D3DB46784327}.Debug|Any CPU.Build.0 = Debug|Any CPU
		{D7D57133-1EC9-455E-862C-D3DB46784327}.Release|Any CPU.ActiveCfg = Release|Any CPU
		{D7D57133-1EC9-455E-862C-D3DB46784327}.Release|Any CPU.Build.0 = Release|Any CPU
		{42D02095-B2DD-4299-BD1D-395E9B620520}.Debug|Any CPU.ActiveCfg = Debug|Any CPU
		{42D02095-B2DD-4299-BD1D-395E9B620520}.Debug|Any CPU.Build.0 = Debug|Any CPU
		{42D02095-B2DD-4299-BD1D-395E9B620520}.Release|Any CPU.ActiveCfg = Release|Any CPU
		{42D02095-B2DD-4299-BD1D-395E9B620520}.Release|Any CPU.Build.0 = Release|Any CPU
		{D4AB5832-ABE5-4795-8268-A0A47A92ABB3}.Debug|Any CPU.ActiveCfg = Debug|Any CPU
		{D4AB5832-ABE5-4795-8268-A0A47A92ABB3}.Debug|Any CPU.Build.0 = Debug|Any CPU
		{D4AB5832-ABE5-4795-8268-A0A47A92ABB3}.Release|Any CPU.ActiveCfg = Release|Any CPU
		{D4AB5832-ABE5-4795-8268-A0A47A92ABB3}.Release|Any CPU.Build.0 = Release|Any CPU
		{6576E11D-1D94-4BD7-9B50-AE494BFEED51}.Debug|Any CPU.ActiveCfg = Debug|Any CPU
		{6576E11D-1D94-4BD7-9B50-AE494BFEED51}.Debug|Any CPU.Build.0 = Debug|Any CPU
		{6576E11D-1D94-4BD7-9B50-AE494BFEED51}.Release|Any CPU.ActiveCfg = Release|Any CPU
		{6576E11D-1D94-4BD7-9B50-AE494BFEED51}.Release|Any CPU.Build.0 = Release|Any CPU
		{299B6946-06F8-48B3-B65A-698C72E099DE}.Debug|Any CPU.ActiveCfg = Debug|Any CPU
		{299B6946-06F8-48B3-B65A-698C72E099DE}.Debug|Any CPU.Build.0 = Debug|Any CPU
		{299B6946-06F8-48B3-B65A-698C72E099DE}.Release|Any CPU.ActiveCfg = Release|Any CPU
		{299B6946-06F8-48B3-B65A-698C72E099DE}.Release|Any CPU.Build.0 = Release|Any CPU
		{118D6B1D-EF25-40E0-99F1-18C54224BFFD}.Debug|Any CPU.ActiveCfg = Debug|Any CPU
		{118D6B1D-EF25-40E0-99F1-18C54224BFFD}.Debug|Any CPU.Build.0 = Debug|Any CPU
		{118D6B1D-EF25-40E0-99F1-18C54224BFFD}.Release|Any CPU.ActiveCfg = Release|Any CPU
		{118D6B1D-EF25-40E0-99F1-18C54224BFFD}.Release|Any CPU.Build.0 = Release|Any CPU
		{6F74C317-533A-478B-900B-E97D78FD6F33}.Debug|Any CPU.ActiveCfg = Debug|Any CPU
		{6F74C317-533A-478B-900B-E97D78FD6F33}.Debug|Any CPU.Build.0 = Debug|Any CPU
		{6F74C317-533A-478B-900B-E97D78FD6F33}.Release|Any CPU.ActiveCfg = Release|Any CPU
		{6F74C317-533A-478B-900B-E97D78FD6F33}.Release|Any CPU.Build.0 = Release|Any CPU
		{F227FAEC-F619-4619-B498-5C6F861C1D67}.Debug|Any CPU.ActiveCfg = Debug|Any CPU
		{F227FAEC-F619-4619-B498-5C6F861C1D67}.Debug|Any CPU.Build.0 = Debug|Any CPU
		{F227FAEC-F619-4619-B498-5C6F861C1D67}.Release|Any CPU.ActiveCfg = Release|Any CPU
		{F227FAEC-F619-4619-B498-5C6F861C1D67}.Release|Any CPU.Build.0 = Release|Any CPU
		{231F6F7B-3F14-4E30-AB38-F6CA5FE2DD6F}.Debug|Any CPU.ActiveCfg = Debug|Any CPU
		{231F6F7B-3F14-4E30-AB38-F6CA5FE2DD6F}.Debug|Any CPU.Build.0 = Debug|Any CPU
		{231F6F7B-3F14-4E30-AB38-F6CA5FE2DD6F}.Release|Any CPU.ActiveCfg = Release|Any CPU
		{231F6F7B-3F14-4E30-AB38-F6CA5FE2DD6F}.Release|Any CPU.Build.0 = Release|Any CPU
		{1F5BE670-B1EF-4FB1-A093-4A801CA2AD13}.Debug|Any CPU.ActiveCfg = Debug|Any CPU
		{1F5BE670-B1EF-4FB1-A093-4A801CA2AD13}.Debug|Any CPU.Build.0 = Debug|Any CPU
		{1F5BE670-B1EF-4FB1-A093-4A801CA2AD13}.Release|Any CPU.ActiveCfg = Release|Any CPU
		{1F5BE670-B1EF-4FB1-A093-4A801CA2AD13}.Release|Any CPU.Build.0 = Release|Any CPU
	EndGlobalSection
	GlobalSection(SolutionProperties) = preSolution
		HideSolutionNode = FALSE
	EndGlobalSection
EndGlobal
